
Microsoft Visual Studio Solution File, Format Version 12.00
# Visual Studio Version 16
VisualStudioVersion = 16.0.35325.158
MinimumVisualStudioVersion = 10.0.40219.1
Project("{8BC9CEB8-8B4A-11D0-8D11-00A0C91BC942}") = "Task01", "Task01\Task01.vcxproj", "{B2C13C7D-834F-4C98-9DA4-1DD07300F4B5}"
EndProject
Project("{8BC9CEB8-8B4A-11D0-8D11-00A0C91BC942}") = "Task02", "Task02\Task02.vcxproj", "{BE0310DB-76BA-4516-B2B9-D065D4B821B6}"
EndProject
Project("{8BC9CEB8-8B4A-11D0-8D11-00A0C91BC942}") = "Task03", "Task03\Task03.vcxproj", "{10C08466-601F-4B4E-BB96-8C53431FDA84}"
EndProject
Project("{8BC9CEB8-8B4A-11D0-8D11-00A0C91BC942}") = "Task04", "Task04\Task04.vcxproj", "{F23A24B6-3C9C-44EF-9E12-AB7549AE9383}"
EndProject
Project("{8BC9CEB8-8B4A-11D0-8D11-00A0C91BC942}") = "Task05", "Task05\Task05.vcxproj", "{B267476F-6F15-49D4-B0DA-16048DEB6871}"
EndProject
Global
	GlobalSection(SolutionConfigurationPlatforms) = preSolution
		Debug|x64 = Debug|x64
		Debug|x86 = Debug|x86
		Release|x64 = Release|x64
		Release|x86 = Release|x86
	EndGlobalSection
	GlobalSection(ProjectConfigurationPlatforms) = postSolution
		{B2C13C7D-834F-4C98-9DA4-1DD07300F4B5}.Debug|x64.ActiveCfg = Debug|x64
		{B2C13C7D-834F-4C98-9DA4-1DD07300F4B5}.Debug|x64.Build.0 = Debug|x64
		{B2C13C7D-834F-4C98-9DA4-1DD07300F4B5}.Debug|x86.ActiveCfg = Debug|Win32
		{B2C13C7D-834F-4C98-9DA4-1DD07300F4B5}.Debug|x86.Build.0 = Debug|Win32
		{B2C13C7D-834F-4C98-9DA4-1DD07300F4B5}.Release|x64.ActiveCfg = Release|x64
		{B2C13C7D-834F-4C98-9DA4-1DD07300F4B5}.Release|x64.Build.0 = Release|x64
		{B2C13C7D-834F-4C98-9DA4-1DD07300F4B5}.Release|x86.ActiveCfg = Release|Win32
		{B2C13C7D-834F-4C98-9DA4-1DD07300F4B5}.Release|x86.Build.0 = Release|Win32
		{BE0310DB-76BA-4516-B2B9-D065D4B821B6}.Debug|x64.ActiveCfg = Debug|x64
		{BE0310DB-76BA-4516-B2B9-D065D4B821B6}.Debug|x64.Build.0 = Debug|x64
		{BE0310DB-76BA-4516-B2B9-D065D4B821B6}.Debug|x86.ActiveCfg = Debug|Win32
		{BE0310DB-76BA-4516-B2B9-D065D4B821B6}.Debug|x86.Build.0 = Debug|Win32
		{BE0310DB-76BA-4516-B2B9-D065D4B821B6}.Release|x64.ActiveCfg = Release|x64
		{BE0310DB-76BA-4516-B2B9-D065D4B821B6}.Release|x64.Build.0 = Release|x64
		{BE0310DB-76BA-4516-B2B9-D065D4B821B6}.Release|x86.ActiveCfg = Release|Win32
		{BE0310DB-76BA-4516-B2B9-D065D4B821B6}.Release|x86.Build.0 = Release|Win32
		{10C08466-601F-4B4E-BB96-8C53431FDA84}.Debug|x64.ActiveCfg = Debug|x64
		{10C08466-601F-4B4E-BB96-8C53431FDA84}.Debug|x64.Build.0 = Debug|x64
		{10C08466-601F-4B4E-BB96-8C53431FDA84}.Debug|x86.ActiveCfg = Debug|Win32
		{10C08466-601F-4B4E-BB96-8C53431FDA84}.Debug|x86.Build.0 = Debug|Win32
		{10C08466-601F-4B4E-BB96-8C53431FDA84}.Release|x64.ActiveCfg = Release|x64
		{10C08466-601F-4B4E-BB96-8C53431FDA84}.Release|x64.Build.0 = Release|x64
		{10C08466-601F-4B4E-BB96-8C53431FDA84}.Release|x86.ActiveCfg = Release|Win32
		{10C08466-601F-4B4E-BB96-8C53431FDA84}.Release|x86.Build.0 = Release|Win32
		{F23A24B6-3C9C-44EF-9E12-AB7549AE9383}.Debug|x64.ActiveCfg = Debug|x64
		{F23A24B6-3C9C-44EF-9E12-AB7549AE9383}.Debug|x64.Build.0 = Debug|x64
		{F23A24B6-3C9C-44EF-9E12-AB7549AE9383}.Debug|x86.ActiveCfg = Debug|Win32
		{F23A24B6-3C9C-44EF-9E12-AB7549AE9383}.Debug|x86.Build.0 = Debug|Win32
		{F23A24B6-3C9C-44EF-9E12-AB7549AE9383}.Release|x64.ActiveCfg = Release|x64
		{F23A24B6-3C9C-44EF-9E12-AB7549AE9383}.Release|x64.Build.0 = Release|x64
		{F23A24B6-3C9C-44EF-9E12-AB7549AE9383}.Release|x86.ActiveCfg = Release|Win32
		{F23A24B6-3C9C-44EF-9E12-AB7549AE9383}.Release|x86.Build.0 = Release|Win32
		{B267476F-6F15-49D4-B0DA-16048DEB6871}.Debug|x64.ActiveCfg = Debug|x64
		{B267476F-6F15-49D4-B0DA-16048DEB6871}.Debug|x64.Build.0 = Debug|x64
		{B267476F-6F15-49D4-B0DA-16048DEB6871}.Debug|x86.ActiveCfg = Debug|Win32
		{B267476F-6F15-49D4-B0DA-16048DEB6871}.Debug|x86.Build.0 = Debug|Win32
		{B267476F-6F15-49D4-B0DA-16048DEB6871}.Release|x64.ActiveCfg = Release|x64
		{B267476F-6F15-49D4-B0DA-16048DEB6871}.Release|x64.Build.0 = Release|x64
		{B267476F-6F15-49D4-B0DA-16048DEB6871}.Release|x86.ActiveCfg = Release|Win32
		{B267476F-6F15-49D4-B0DA-16048DEB6871}.Release|x86.Build.0 = Release|Win32
	EndGlobalSection
	GlobalSection(SolutionProperties) = preSolution
		HideSolutionNode = FALSE
	EndGlobalSection
	GlobalSection(ExtensibilityGlobals) = postSolution
		SolutionGuid = {CF6ED868-7DAE-4811-B5C3-7EA756DAA970}
	EndGlobalSection
EndGlobal
